// !$*UTF8*$!
{
	archiveVersion = 1;
	classes = {
	};
	objectVersion = 50;
	objects = {

/* Begin PBXBuildFile section */
		615AF710258FC0F4006E789C /* AppDelegate.swift in Sources */ = {isa = PBXBuildFile; fileRef = 615AF70F258FC0F4006E789C /* AppDelegate.swift */; };
		615AF712258FC0F4006E789C /* SceneDelegate.swift in Sources */ = {isa = PBXBuildFile; fileRef = 615AF711258FC0F4006E789C /* SceneDelegate.swift */; };
		615AF714258FC0F4006E789C /* ViewController.swift in Sources */ = {isa = PBXBuildFile; fileRef = 615AF713258FC0F4006E789C /* ViewController.swift */; };
		615AF717258FC0F4006E789C /* Main.storyboard in Resources */ = {isa = PBXBuildFile; fileRef = 615AF715258FC0F4006E789C /* Main.storyboard */; };
		615AF719258FC0F9006E789C /* Assets.xcassets in Resources */ = {isa = PBXBuildFile; fileRef = 615AF718258FC0F9006E789C /* Assets.xcassets */; };
		615AF71C258FC0F9006E789C /* LaunchScreen.storyboard in Resources */ = {isa = PBXBuildFile; fileRef = 615AF71A258FC0F9006E789C /* LaunchScreen.storyboard */; };
		615AF724258FC149006E789C /* HasImageProvider.swift in Sources */ = {isa = PBXBuildFile; fileRef = 615AF723258FC149006E789C /* HasImageProvider.swift */; };
		615AF726258FC169006E789C /* HasVideoProvider.swift in Sources */ = {isa = PBXBuildFile; fileRef = 615AF725258FC169006E789C /* HasVideoProvider.swift */; };
		615AF728258FC180006E789C /* SampleDependencies.swift in Sources */ = {isa = PBXBuildFile; fileRef = 615AF727258FC180006E789C /* SampleDependencies.swift */; };
		615AF72A258FC196006E789C /* SampleClass.swift in Sources */ = {isa = PBXBuildFile; fileRef = 615AF729258FC196006E789C /* SampleClass.swift */; };
/* End PBXBuildFile section */

/* Begin PBXFileReference section */
		615AF70C258FC0F4006E789C /* ProtocolConpositionForDI.app */ = {isa = PBXFileReference; explicitFileType = wrapper.application; includeInIndex = 0; path = ProtocolConpositionForDI.app; sourceTree = BUILT_PRODUCTS_DIR; };
		615AF70F258FC0F4006E789C /* AppDelegate.swift */ = {isa = PBXFileReference; lastKnownFileType = sourcecode.swift; path = AppDelegate.swift; sourceTree = "<group>"; };
		615AF711258FC0F4006E789C /* SceneDelegate.swift */ = {isa = PBXFileReference; lastKnownFileType = sourcecode.swift; path = SceneDelegate.swift; sourceTree = "<group>"; };
		615AF713258FC0F4006E789C /* ViewController.swift */ = {isa = PBXFileReference; lastKnownFileType = sourcecode.swift; path = ViewController.swift; sourceTree = "<group>"; };
		615AF716258FC0F4006E789C /* Base */ = {isa = PBXFileReference; lastKnownFileType = file.storyboard; name = Base; path = Base.lproj/Main.storyboard; sourceTree = "<group>"; };
		615AF718258FC0F9006E789C /* Assets.xcassets */ = {isa = PBXFileReference; lastKnownFileType = folder.assetcatalog; path = Assets.xcassets; sourceTree = "<group>"; };
		615AF71B258FC0F9006E789C /* Base */ = {isa = PBXFileReference; lastKnownFileType = file.storyboard; name = Base; path = Base.lproj/LaunchScreen.storyboard; sourceTree = "<group>"; };
		615AF71D258FC0F9006E789C /* Info.plist */ = {isa = PBXFileReference; lastKnownFileType = text.plist.xml; path = Info.plist; sourceTree = "<group>"; };
		615AF723258FC149006E789C /* HasImageProvider.swift */ = {isa = PBXFileReference; lastKnownFileType = sourcecode.swift; path = HasImageProvider.swift; sourceTree = "<group>"; };
		615AF725258FC169006E789C /* HasVideoProvider.swift */ = {isa = PBXFileReference; lastKnownFileType = sourcecode.swift; path = HasVideoProvider.swift; sourceTree = "<group>"; };
		615AF727258FC180006E789C /* SampleDependencies.swift */ = {isa = PBXFileReference; lastKnownFileType = sourcecode.swift; path = SampleDependencies.swift; sourceTree = "<group>"; };
		615AF729258FC196006E789C /* SampleClass.swift */ = {isa = PBXFileReference; lastKnownFileType = sourcecode.swift; path = SampleClass.swift; sourceTree = "<group>"; };
/* End PBXFileReference section */

/* Begin PBXFrameworksBuildPhase section */
		615AF709258FC0F4006E789C /* Frameworks */ = {
			isa = PBXFrameworksBuildPhase;
			buildActionMask = 2147483647;
			files = (
			);
			runOnlyForDeploymentPostprocessing = 0;
		};
/* End PBXFrameworksBuildPhase section */

/* Begin PBXGroup section */
		615AF703258FC0F3006E789C = {
			isa = PBXGroup;
			children = (
				615AF70E258FC0F4006E789C /* ProtocolConpositionForDI */,
				615AF70D258FC0F4006E789C /* Products */,
			);
			sourceTree = "<group>";
		};
		615AF70D258FC0F4006E789C /* Products */ = {
			isa = PBXGroup;
			children = (
				615AF70C258FC0F4006E789C /* ProtocolConpositionForDI.app */,
			);
			name = Products;
			sourceTree = "<group>";
		};
		615AF70E258FC0F4006E789C /* ProtocolConpositionForDI */ = {
			isa = PBXGroup;
			children = (
				615AF70F258FC0F4006E789C /* AppDelegate.swift */,
				615AF711258FC0F4006E789C /* SceneDelegate.swift */,
				615AF713258FC0F4006E789C /* ViewController.swift */,
				615AF715258FC0F4006E789C /* Main.storyboard */,
				615AF718258FC0F9006E789C /* Assets.xcassets */,
				615AF71A258FC0F9006E789C /* LaunchScreen.storyboard */,
				615AF71D258FC0F9006E789C /* Info.plist */,
				615AF723258FC149006E789C /* HasImageProvider.swift */,
				615AF725258FC169006E789C /* HasVideoProvider.swift */,
				615AF727258FC180006E789C /* SampleDependencies.swift */,
				615AF729258FC196006E789C /* SampleClass.swift */,
			);
			path = ProtocolConpositionForDI;
			sourceTree = "<group>";
		};
/* End PBXGroup section */

/* Begin PBXNativeTarget section */
		615AF70B258FC0F4006E789C /* ProtocolConpositionForDI */ = {
			isa = PBXNativeTarget;
			buildConfigurationList = 615AF720258FC0F9006E789C /* Build configuration list for PBXNativeTarget "ProtocolConpositionForDI" */;
			buildPhases = (
				615AF708258FC0F4006E789C /* Sources */,
				615AF709258FC0F4006E789C /* Frameworks */,
				615AF70A258FC0F4006E789C /* Resources */,
			);
			buildRules = (
			);
			dependencies = (
			);
			name = ProtocolConpositionForDI;
			productName = ProtocolConpositionForDI;
			productReference = 615AF70C258FC0F4006E789C /* ProtocolConpositionForDI.app */;
			productType = "com.apple.product-type.application";
		};
/* End PBXNativeTarget section */

/* Begin PBXProject section */
		615AF704258FC0F3006E789C /* Project object */ = {
			isa = PBXProject;
			attributes = {
				LastSwiftUpdateCheck = 1130;
				LastUpgradeCheck = 1130;
				ORGANIZATIONNAME = "mohamed  habib";
				TargetAttributes = {
					615AF70B258FC0F4006E789C = {
						CreatedOnToolsVersion = 11.3.1;
					};
				};
			};
			buildConfigurationList = 615AF707258FC0F3006E789C /* Build configuration list for PBXProject "ProtocolConpositionForDI" */;
			compatibilityVersion = "Xcode 9.3";
			developmentRegion = en;
			hasScannedForEncodings = 0;
			knownRegions = (
				en,
				Base,
			);
			mainGroup = 615AF703258FC0F3006E789C;
			productRefGroup = 615AF70D258FC0F4006E789C /* Products */;
			projectDirPath = "";
			projectRoot = "";
			targets = (
				615AF70B258FC0F4006E789C /* ProtocolConpositionForDI */,
			);
		};
/* End PBXProject section */

/* Begin PBXResourcesBuildPhase section */
		615AF70A258FC0F4006E789C /* Resources */ = {
			isa = PBXResourcesBuildPhase;
			buildActionMask = 2147483647;
			files = (
				615AF71C258FC0F9006E789C /* LaunchScreen.storyboard in Resources */,
				615AF719258FC0F9006E789C /* Assets.xcassets in Resources */,
				615AF717258FC0F4006E789C /* Main.storyboard in Resources */,
			);
			runOnlyForDeploymentPostprocessing = 0;
		};
/* End PBXResourcesBuildPhase section */

/* Begin PBXSourcesBuildPhase section */
		615AF708258FC0F4006E789C /* Sources */ = {
			isa = PBXSourcesBuildPhase;
			buildActionMask = 2147483647;
			files = (
				615AF728258FC180006E789C /* SampleDependencies.swift in Sources */,
				615AF714258FC0F4006E789C /* ViewController.swift in Sources */,
				615AF72A258FC196006E789C /* SampleClass.swift in Sources */,
				615AF710258FC0F4006E789C /* AppDelegate.swift in Sources */,
				615AF712258FC0F4006E789C /* SceneDelegate.swift in Sources */,
				615AF726258FC169006E789C /* HasVideoProvider.swift in Sources */,
				615AF724258FC149006E789C /* HasImageProvider.swift in Sources */,
			);
			runOnlyForDeploymentPostprocessing = 0;
		};
/* End PBXSourcesBuildPhase section */

/* Begin PBXVariantGroup section */
		615AF715258FC0F4006E789C /* Main.storyboard */ = {
			isa = PBXVariantGroup;
			children = (
				615AF716258FC0F4006E789C /* Base */,
			);
			name = Main.storyboard;
			sourceTree = "<group>";
		};
		615AF71A258FC0F9006E789C /* LaunchScreen.storyboard */ = {
			isa = PBXVariantGroup;
			children = (
				615AF71B258FC0F9006E789C /* Base */,
			);
			name = LaunchScreen.storyboard;
			sourceTree = "<group>";
		};
/* End PBXVariantGroup section */

/* Begin XCBuildConfiguration section */
		615AF71E258FC0F9006E789C /* Debug */ = {
			isa = XCBuildConfiguration;
			buildSettings = {
				ALWAYS_SEARCH_USER_PATHS = NO;
				CLANG_ANALYZER_NONNULL = YES;
				CLANG_ANALYZER_NUMBER_OBJECT_CONVERSION = YES_AGGRESSIVE;
				CLANG_CXX_LANGUAGE_STANDARD = "gnu++14";
				CLANG_CXX_LIBRARY = "libc++";
				CLANG_ENABLE_MODULES = YES;
				CLANG_ENABLE_OBJC_ARC = YES;
				CLANG_ENABLE_OBJC_WEAK = YES;
				CLANG_WARN_BLOCK_CAPTURE_AUTORELEASING = YES;
				CLANG_WARN_BOOL_CONVERSION = YES;
				CLANG_WARN_COMMA = YES;
				CLANG_WARN_CONSTANT_CONVERSION = YES;
				CLANG_WARN_DEPRECATED_OBJC_IMPLEMENTATIONS = YES;
				CLANG_WARN_DIRECT_OBJC_ISA_USAGE = YES_ERROR;
				CLANG_WARN_DOCUMENTATION_COMMENTS = YES;
				CLANG_WARN_EMPTY_BODY = YES;
				CLANG_WARN_ENUM_CONVERSION = YES;
				CLANG_WARN_INFINITE_RECURSION = YES;
				CLANG_WARN_INT_CONVERSION = YES;
				CLANG_WARN_NON_LITERAL_NULL_CONVERSION = YES;
				CLANG_WARN_OBJC_IMPLICIT_RETAIN_SELF = YES;
				CLANG_WARN_OBJC_LITERAL_CONVERSION = YES;
				CLANG_WARN_OBJC_ROOT_CLASS = YES_ERROR;
				CLANG_WARN_RANGE_LOOP_ANALYSIS = YES;
				CLANG_WARN_STRICT_PROTOTYPES = YES;
				CLANG_WARN_SUSPICIOUS_MOVE = YES;
				CLANG_WARN_UNGUARDED_AVAILABILITY = YES_AGGRESSIVE;
				CLANG_WARN_UNREACHABLE_CODE = YES;
				CLANG_WARN__DUPLICATE_METHOD_MATCH = YES;
				COPY_PHASE_STRIP = NO;
				DEBUG_INFORMATION_FORMAT = dwarf;
				ENABLE_STRICT_OBJC_MSGSEND = YES;
				ENABLE_TESTABILITY = YES;
				GCC_C_LANGUAGE_STANDARD = gnu11;
				GCC_DYNAMIC_NO_PIC = NO;
				GCC_NO_COMMON_BLOCKS = YES;
				GCC_OPTIMIZATION_LEVEL = 0;
				GCC_PREPROCESSOR_DEFINITIONS = (
					"DEBUG=1",
					"$(inherited)",
				);
				GCC_WARN_64_TO_32_BIT_CONVERSION = YES;
				GCC_WARN_ABOUT_RETURN_TYPE = YES_ERROR;
				GCC_WARN_UNDECLARED_SELECTOR = YES;
				GCC_WARN_UNINITIALIZED_AUTOS = YES_AGGRESSIVE;
				GCC_WARN_UNUSED_FUNCTION = YES;
				GCC_WARN_UNUSED_VARIABLE = YES;
				IPHONEOS_DEPLOYMENT_TARGET = 13.2;
				MTL_ENABLE_DEBUG_INFO = INCLUDE_SOURCE;
				MTL_FAST_MATH = YES;
				ONLY_ACTIVE_ARCH = YES;
				SDKROOT = iphoneos;
				SWIFT_ACTIVE_COMPILATION_CONDITIONS = DEBUG;
				SWIFT_OPTIMIZATION_LEVEL = "-Onone";
			};
			name = Debug;
		};
		615AF71F258FC0F9006E789C /* Release */ = {
			isa = XCBuildConfiguration;
			buildSettings = {
				ALWAYS_SEARCH_USER_PATHS = NO;
				CLANG_ANALYZER_NONNULL = YES;
				CLANG_ANALYZER_NUMBER_OBJECT_CONVERSION = YES_AGGRESSIVE;
				CLANG_CXX_LANGUAGE_STANDARD = "gnu++14";
				CLANG_CXX_LIBRARY = "libc++";
				CLANG_ENABLE_MODULES = YES;
				CLANG_ENABLE_OBJC_ARC = YES;
				CLANG_ENABLE_OBJC_WEAK = YES;
				CLANG_WARN_BLOCK_CAPTURE_AUTORELEASING = YES;
				CLANG_WARN_BOOL_CONVERSION = YES;
				CLANG_WARN_COMMA = YES;
				CLANG_WARN_CONSTANT_CONVERSION = YES;
				CLANG_WARN_DEPRECATED_OBJC_IMPLEMENTATIONS = YES;
				CLANG_WARN_DIRECT_OBJC_ISA_USAGE = YES_ERROR;
				CLANG_WARN_DOCUMENTATION_COMMENTS = YES;
				CLANG_WARN_EMPTY_BODY = YES;
				CLANG_WARN_ENUM_CONVERSION = YES;
				CLANG_WARN_INFINITE_RECURSION = YES;
				CLANG_WARN_INT_CONVERSION = YES;
				CLANG_WARN_NON_LITERAL_NULL_CONVERSION = YES;
				CLANG_WARN_OBJC_IMPLICIT_RETAIN_SELF = YES;
				CLANG_WARN_OBJC_LITERAL_CONVERSION = YES;
				CLANG_WARN_OBJC_ROOT_CLASS = YES_ERROR;
				CLANG_WARN_RANGE_LOOP_ANALYSIS = YES;
				CLANG_WARN_STRICT_PROTOTYPES = YES;
				CLANG_WARN_SUSPICIOUS_MOVE = YES;
				CLANG_WARN_UNGUARDED_AVAILABILITY = YES_AGGRESSIVE;
				CLANG_WARN_UNREACHABLE_CODE = YES;
				CLANG_WARN__DUPLICATE_METHOD_MATCH = YES;
				COPY_PHASE_STRIP = NO;
				DEBUG_INFORMATION_FORMAT = "dwarf-with-dsym";
				ENABLE_NS_ASSERTIONS = NO;
				ENABLE_STRICT_OBJC_MSGSEND = YES;
				GCC_C_LANGUAGE_STANDARD = gnu11;
				GCC_NO_COMMON_BLOCKS = YES;
				GCC_WARN_64_TO_32_BIT_CONVERSION = YES;
				GCC_WARN_ABOUT_RETURN_TYPE = YES_ERROR;
				GCC_WARN_UNDECLARED_SELECTOR = YES;
				GCC_WARN_UNINITIALIZED_AUTOS = YES_AGGRESSIVE;
				GCC_WARN_UNUSED_FUNCTION = YES;
				GCC_WARN_UNUSED_VARIABLE = YES;
				IPHONEOS_DEPLOYMENT_TARGET = 13.2;
				MTL_ENABLE_DEBUG_INFO = NO;
				MTL_FAST_MATH = YES;
				SDKROOT = iphoneos;
				SWIFT_COMPILATION_MODE = wholemodule;
				SWIFT_OPTIMIZATION_LEVEL = "-O";
				VALIDATE_PRODUCT = YES;
			};
			name = Release;
		};
		615AF721258FC0F9006E789C /* Debug */ = {
			isa = XCBuildConfiguration;
			buildSettings = {
				ASSETCATALOG_COMPILER_APPICON_NAME = AppIcon;
				CODE_SIGN_STYLE = Automatic;
				DEVELOPMENT_TEAM = W4M7279BBQ;
				INFOPLIST_FILE = ProtocolConpositionForDI/Info.plist;
				LD_RUNPATH_SEARCH_PATHS = (
					"$(inherited)",
					"@executable_path/Frameworks",
				);
				PRODUCT_BUNDLE_IDENTIFIER = jaberi.ProtocolConpositionForDI;
				PRODUCT_NAME = "$(TARGET_NAME)";
				SWIFT_VERSION = 5.0;
				TARGETED_DEVICE_FAMILY = "1,2";
			};
			name = Debug;
		};
		615AF722258FC0F9006E789C /* Release */ = {
			isa = XCBuildConfiguration;
			buildSettings = {
				ASSETCATALOG_COMPILER_APPICON_NAME = AppIcon;
				CODE_SIGN_STYLE = Automatic;
				DEVELOPMENT_TEAM = W4M7279BBQ;
				INFOPLIST_FILE = ProtocolConpositionForDI/Info.plist;
				LD_RUNPATH_SEARCH_PATHS = (
					"$(inherited)",
					"@executable_path/Frameworks",
				);
				PRODUCT_BUNDLE_IDENTIFIER = jaberi.ProtocolConpositionForDI;
				PRODUCT_NAME = "$(TARGET_NAME)";
				SWIFT_VERSION = 5.0;
				TARGETED_DEVICE_FAMILY = "1,2";
			};
			name = Release;
		};
/* End XCBuildConfiguration section */

/* Begin XCConfigurationList section */
		615AF707258FC0F3006E789C /* Build configuration list for PBXProject "ProtocolConpositionForDI" */ = {
			isa = XCConfigurationList;
			buildConfigurations = (
				615AF71E258FC0F9006E789C /* Debug */,
				615AF71F258FC0F9006E789C /* Release */,
			);
			defaultConfigurationIsVisible = 0;
			defaultConfigurationName = Release;
		};
		615AF720258FC0F9006E789C /* Build configuration list for PBXNativeTarget "ProtocolConpositionForDI" */ = {
			isa = XCConfigurationList;
			buildConfigurations = (
				615AF721258FC0F9006E789C /* Debug */,
				615AF722258FC0F9006E789C /* Release */,
			);
			defaultConfigurationIsVisible = 0;
			defaultConfigurationName = Release;
		};
/* End XCConfigurationList section */
	};
	rootObject = 615AF704258FC0F3006E789C /* Project object */;
}
